
Microsoft Visual Studio Solution File, Format Version 12.00
# Visual Studio Version 16
VisualStudioVersion = 16.0.29709.97
MinimumVisualStudioVersion = 10.0.40219.1
Project("{9A19103F-16F7-4668-BE54-9A1E7A4F7556}") = "FootballStatistics.Domain", "FootballStatistics.Domain\FootballStatistics.Domain.csproj", "{46F9DE4D-A7F5-47C4-8C80-51D1682F3D13}"
EndProject
Project("{9A19103F-16F7-4668-BE54-9A1E7A4F7556}") = "FootballStatistics.EntityFramework", "FootballStatistics.EntityFramework\FootballStatistics.EntityFramework.csproj", "{6CB96A00-EDD0-43BC-B343-5B26B6F09D70}"
EndProject
Project("{9A19103F-16F7-4668-BE54-9A1E7A4F7556}") = "FootballStatistics.ConsoleAppTesting", "FootballStatistics.ConsoleAppTesting\FootballStatistics.ConsoleAppTesting.csproj", "{4E1B3C2C-11AF-46C3-8C94-6A112C73D81C}"
EndProject
Project("{FAE04EC0-301F-11D3-BF4B-00C04F79EFBC}") = "FootballStatistics.Domain.Test", "FootballStatistics.Domain.Test\FootballStatistics.Domain.Test.csproj", "{16F42553-71B1-41CB-AA6C-1E584D002A31}"
EndProject
Global
	GlobalSection(SolutionConfigurationPlatforms) = preSolution
		Debug|Any CPU = Debug|Any CPU
		Release|Any CPU = Release|Any CPU
	EndGlobalSection
	GlobalSection(ProjectConfigurationPlatforms) = postSolution
		{46F9DE4D-A7F5-47C4-8C80-51D1682F3D13}.Debug|Any CPU.ActiveCfg = Debug|Any CPU
		{46F9DE4D-A7F5-47C4-8C80-51D1682F3D13}.Debug|Any CPU.Build.0 = Debug|Any CPU
		{46F9DE4D-A7F5-47C4-8C80-51D1682F3D13}.Release|Any CPU.ActiveCfg = Release|Any CPU
		{46F9DE4D-A7F5-47C4-8C80-51D1682F3D13}.Release|Any CPU.Build.0 = Release|Any CPU
		{6CB96A00-EDD0-43BC-B343-5B26B6F09D70}.Debug|Any CPU.ActiveCfg = Debug|Any CPU
		{6CB96A00-EDD0-43BC-B343-5B26B6F09D70}.Debug|Any CPU.Build.0 = Debug|Any CPU
		{6CB96A00-EDD0-43BC-B343-5B26B6F09D70}.Release|Any CPU.ActiveCfg = Release|Any CPU
		{6CB96A00-EDD0-43BC-B343-5B26B6F09D70}.Release|Any CPU.Build.0 = Release|Any CPU
		{4E1B3C2C-11AF-46C3-8C94-6A112C73D81C}.Debug|Any CPU.ActiveCfg = Debug|Any CPU
		{4E1B3C2C-11AF-46C3-8C94-6A112C73D81C}.Debug|Any CPU.Build.0 = Debug|Any CPU
		{4E1B3C2C-11AF-46C3-8C94-6A112C73D81C}.Release|Any CPU.ActiveCfg = Release|Any CPU
		{4E1B3C2C-11AF-46C3-8C94-6A112C73D81C}.Release|Any CPU.Build.0 = Release|Any CPU
		{16F42553-71B1-41CB-AA6C-1E584D002A31}.Debug|Any CPU.ActiveCfg = Debug|Any CPU
		{16F42553-71B1-41CB-AA6C-1E584D002A31}.Debug|Any CPU.Build.0 = Debug|Any CPU
		{16F42553-71B1-41CB-AA6C-1E584D002A31}.Release|Any CPU.ActiveCfg = Release|Any CPU
		{16F42553-71B1-41CB-AA6C-1E584D002A31}.Release|Any CPU.Build.0 = Release|Any CPU
	EndGlobalSection
	GlobalSection(SolutionProperties) = preSolution
		HideSolutionNode = FALSE
	EndGlobalSection
	GlobalSection(ExtensibilityGlobals) = postSolution
		SolutionGuid = {606960A1-156C-4C0C-8A05-0EADE0253BDE}
	EndGlobalSection
EndGlobal
